version = 1
revision = 3
requires-python = "==3.13.*"

[[package]]
name = "addontemplate"
source = { editable = "." }
dependencies = [
    { name = "crowdin-api-client" },
    { name = "lxml" },
    { name = "markdown" },
    { name = "markdown-link-attr-modifier" },
    { name = "mdx-gh-links" },
    { name = "mdx-truly-sane-lists" },
    { name = "nh3" },
    { name = "requests" },
    { name = "scons" },
]

[package.metadata]
requires-dist = [
    { name = "crowdin-api-client", specifier = "==1.21.0" },
    { name = "lxml", specifier = ">=6.0.2" },
    { name = "markdown", specifier = ">=3.10" },
    { name = "markdown-link-attr-modifier", specifier = "==0.2.1" },
    { name = "mdx-gh-links", specifier = "==0.4" },
    { name = "mdx-truly-sane-lists", specifier = "==1.3" },
    { name = "nh3", specifier = "==0.2.19" },
    { name = "requests", specifier = ">=2.32.5" },
    { name = "scons", specifier = "==4.10.1" },
]

[[package]]
name = "certifi"
version = "2025.11.12"
source = { registry = "https://pypi.org/simple" }
sdist = { url = "https://files.pythonhosted.org/packages/a2/8c/58f469717fa48465e4a50c014a0400602d3c437d7c0c468e17ada824da3a/certifi-2025.11.12.tar.gz", hash = "sha256:d8ab5478f2ecd78af242878415affce761ca6bc54a22a27e026d7c25357c3316", size = 160538, upload-time = "2025-11-12T02:54:51.517Z" }
wheels = [
    { url = "https://files.pythonhosted.org/packages/70/7d/9bc192684cea499815ff478dfcdc13835ddf401365057044fb721ec6bddb/certifi-2025.11.12-py3-none-any.whl", hash = "sha256:97de8790030bbd5c2d96b7ec782fc2f7820ef8dba6db909ccf95449f2d062d4b", size = 159438, upload-time = "2025-11-12T02:54:49.735Z" },
]

[[package]]
name = "charset-normalizer"
version = "3.4.4"
source = { registry = "https://pypi.org/simple" }
sdist = { url = "https://files.pythonhosted.org/packages/13/69/33ddede1939fdd074bce5434295f38fae7136463422fe4fd3e0e89b98062/charset_normalizer-3.4.4.tar.gz", hash = "sha256:94537985111c35f28720e43603b8e7b43a6ecfb2ce1d3058bbe955b73404e21a", size = 129418, upload-time = "2025-10-14T04:42:32.879Z" }
wheels = [
    { url = "https://files.pythonhosted.org/packages/97/45/4b3a1239bbacd321068ea6e7ac28875b03ab8bc0aa0966452db17cd36714/charset_normalizer-3.4.4-cp313-cp313-macosx_10_13_universal2.whl", hash = "sha256:e1f185f86a6f3403aa2420e815904c67b2f9ebc443f045edd0de921108345794", size = 208091, upload-time = "2025-10-14T04:41:13.346Z" },
    { url = "https://files.pythonhosted.org/packages/7d/62/73a6d7450829655a35bb88a88fca7d736f9882a27eacdca2c6d505b57e2e/charset_normalizer-3.4.4-cp313-cp313-manylinux2014_aarch64.manylinux_2_17_aarch64.manylinux_2_28_aarch64.whl", hash = "sha256:6b39f987ae8ccdf0d2642338faf2abb1862340facc796048b604ef14919e55ed", size = 147936, upload-time = "2025-10-14T04:41:14.461Z" },
    { url = "https://files.pythonhosted.org/packages/89/c5/adb8c8b3d6625bef6d88b251bbb0d95f8205831b987631ab0c8bb5d937c2/charset_normalizer-3.4.4-cp313-cp313-manylinux2014_armv7l.manylinux_2_17_armv7l.manylinux_2_31_armv7l.whl", hash = "sha256:3162d5d8ce1bb98dd51af660f2121c55d0fa541b46dff7bb9b9f86ea1d87de72", size = 144180, upload-time = "2025-10-14T04:41:15.588Z" },
    { url = "https://files.pythonhosted.org/packages/91/ed/9706e4070682d1cc219050b6048bfd293ccf67b3d4f5a4f39207453d4b99/charset_normalizer-3.4.4-cp313-cp313-manylinux2014_ppc64le.manylinux_2_17_ppc64le.manylinux_2_28_ppc64le.whl", hash = "sha256:81d5eb2a312700f4ecaa977a8235b634ce853200e828fbadf3a9c50bab278328", size = 161346, upload-time = "2025-10-14T04:41:16.738Z" },
    { url = "https://files.pythonhosted.org/packages/d5/0d/031f0d95e4972901a2f6f09ef055751805ff541511dc1252ba3ca1f80cf5/charset_normalizer-3.4.4-cp313-cp313-manylinux2014_s390x.manylinux_2_17_s390x.manylinux_2_28_s390x.whl", hash = "sha256:5bd2293095d766545ec1a8f612559f6b40abc0eb18bb2f5d1171872d34036ede", size = 158874, upload-time = "2025-10-14T04:41:17.923Z" },
    { url = "https://files.pythonhosted.org/packages/f5/83/6ab5883f57c9c801ce5e5677242328aa45592be8a00644310a008d04f922/charset_normalizer-3.4.4-cp313-cp313-manylinux2014_x86_64.manylinux_2_17_x86_64.manylinux_2_28_x86_64.whl", hash = "sha256:a8a8b89589086a25749f471e6a900d3f662d1d3b6e2e59dcecf787b1cc3a1894", size = 153076, upload-time = "2025-10-14T04:41:19.106Z" },
    { url = "https://files.pythonhosted.org/packages/75/1e/5ff781ddf5260e387d6419959ee89ef13878229732732ee73cdae01800f2/charset_normalizer-3.4.4-cp313-cp313-manylinux_2_31_riscv64.manylinux_2_39_riscv64.whl", hash = "sha256:bc7637e2f80d8530ee4a78e878bce464f70087ce73cf7c1caf142416923b98f1", size = 150601, upload-time = "2025-10-14T04:41:20.245Z" },
    { url = "https://files.pythonhosted.org/packages/d7/57/71be810965493d3510a6ca79b90c19e48696fb1ff964da319334b12677f0/charset_normalizer-3.4.4-cp313-cp313-musllinux_1_2_aarch64.whl", hash = "sha256:f8bf04158c6b607d747e93949aa60618b61312fe647a6369f88ce2ff16043490", size = 150376, upload-time = "2025-10-14T04:41:21.398Z" },
    { url = "https://files.pythonhosted.org/packages/e5/d5/c3d057a78c181d007014feb7e9f2e65905a6c4ef182c0ddf0de2924edd65/charset_normalizer-3.4.4-cp313-cp313-musllinux_1_2_armv7l.whl", hash = "sha256:554af85e960429cf30784dd47447d5125aaa3b99a6f0683589dbd27e2f45da44", size = 144825, upload-time = "2025-10-14T04:41:22.583Z" },
    { url = "https://files.pythonhosted.org/packages/e6/8c/d0406294828d4976f275ffbe66f00266c4b3136b7506941d87c00cab5272/charset_normalizer-3.4.4-cp313-cp313-musllinux_1_2_ppc64le.whl", hash = "sha256:74018750915ee7ad843a774364e13a3db91682f26142baddf775342c3f5b1133", size = 162583, upload-time = "2025-10-14T04:41:23.754Z" },
    { url = "https://files.pythonhosted.org/packages/d7/24/e2aa1f18c8f15c4c0e932d9287b8609dd30ad56dbe41d926bd846e22fb8d/charset_normalizer-3.4.4-cp313-cp313-musllinux_1_2_riscv64.whl", hash = "sha256:c0463276121fdee9c49b98908b3a89c39be45d86d1dbaa22957e38f6321d4ce3", size = 150366, upload-time = "2025-10-14T04:41:25.27Z" },
    { url = "https://files.pythonhosted.org/packages/e4/5b/1e6160c7739aad1e2df054300cc618b06bf784a7a164b0f238360721ab86/charset_normalizer-3.4.4-cp313-cp313-musllinux_1_2_s390x.whl", hash = "sha256:362d61fd13843997c1c446760ef36f240cf81d3ebf74ac62652aebaf7838561e", size = 160300, upload-time = "2025-10-14T04:41:26.725Z" },
    { url = "https://files.pythonhosted.org/packages/7a/10/f882167cd207fbdd743e55534d5d9620e095089d176d55cb22d5322f2afd/charset_normalizer-3.4.4-cp313-cp313-musllinux_1_2_x86_64.whl", hash = "sha256:9a26f18905b8dd5d685d6d07b0cdf98a79f3c7a918906af7cc143ea2e164c8bc", size = 154465, upload-time = "2025-10-14T04:41:28.322Z" },
    { url = "https://files.pythonhosted.org/packages/89/66/c7a9e1b7429be72123441bfdbaf2bc13faab3f90b933f664db506dea5915/charset_normalizer-3.4.4-cp313-cp313-win32.whl", hash = "sha256:9b35f4c90079ff2e2edc5b26c0c77925e5d2d255c42c74fdb70fb49b172726ac", size = 99404, upload-time = "2025-10-14T04:41:29.95Z" },
    { url = "https://files.pythonhosted.org/packages/c4/26/b9924fa27db384bdcd97ab83b4f0a8058d96ad9626ead570674d5e737d90/charset_normalizer-3.4.4-cp313-cp313-win_amd64.whl", hash = "sha256:b435cba5f4f750aa6c0a0d92c541fb79f69a387c91e61f1795227e4ed9cece14", size = 107092, upload-time = "2025-10-14T04:41:31.188Z" },
    { url = "https://files.pythonhosted.org/packages/af/8f/3ed4bfa0c0c72a7ca17f0380cd9e4dd842b09f664e780c13cff1dcf2ef1b/charset_normalizer-3.4.4-cp313-cp313-win_arm64.whl", hash = "sha256:542d2cee80be6f80247095cc36c418f7bddd14f4a6de45af91dfad36d817bba2", size = 100408, upload-time = "2025-10-14T04:41:32.624Z" },
    { url = "https://files.pythonhosted.org/packages/0a/4c/925909008ed5a988ccbb72dcc897407e5d6d3bd72410d69e051fc0c14647/charset_normalizer-3.4.4-py3-none-any.whl", hash = "sha256:7a32c560861a02ff789ad905a2fe94e3f840803362c84fecf1851cb4cf3dc37f", size = 53402, upload-time = "2025-10-14T04:42:31.76Z" },
]

[[package]]
name = "crowdin-api-client"
version = "1.21.0"
source = { registry = "https://pypi.org/simple" }
dependencies = [
    { name = "deprecated" },
    { name = "requests" },
]
sdist = { url = "https://files.pythonhosted.org/packages/39/70/4069412e2e8004a6ad15bf2a3d9085bea50ee932a66ad935285831cf82b4/crowdin_api_client-1.21.0.tar.gz", hash = "sha256:0f957e5de6487a74ac892d524a5e300c1bc971320b67f85ce65741904420d8ec", size = 64729, upload-time = "2025-01-31T15:56:42.179Z" }
wheels = [
    { url = "https://files.pythonhosted.org/packages/93/0f/9efc4f6db0b3b97f99015529b5832058ce4f7970d547b23fc04a38d69ddd/crowdin_api_client-1.21.0-py3-none-any.whl", hash = "sha256:85e19557755ebf6a15beda605d25b77de365244d8c636462b0dd8030a6cdfe20", size = 101566, upload-time = "2025-01-31T15:56:40.651Z" },
]

[[package]]
name = "deprecated"
version = "1.3.1"
source = { registry = "https://pypi.org/simple" }
dependencies = [
    { name = "wrapt" },
]
sdist = { url = "https://files.pythonhosted.org/packages/49/85/12f0a49a7c4ffb70572b6c2ef13c90c88fd190debda93b23f026b25f9634/deprecated-1.3.1.tar.gz", hash = "sha256:b1b50e0ff0c1fddaa5708a2c6b0a6588bb09b892825ab2b214ac9ea9d92a5223", size = 2932523, upload-time = "2025-10-30T08:19:02.757Z" }
wheels = [
    { url = "https://files.pythonhosted.org/packages/84/d0/205d54408c08b13550c733c4b85429e7ead111c7f0014309637425520a9a/deprecated-1.3.1-py2.py3-none-any.whl", hash = "sha256:597bfef186b6f60181535a29fbe44865ce137a5079f295b479886c82729d5f3f", size = 11298, upload-time = "2025-10-30T08:19:00.758Z" },
]

[[package]]
name = "idna"
version = "3.11"
source = { registry = "https://pypi.org/simple" }
sdist = { url = "https://files.pythonhosted.org/packages/6f/6d/0703ccc57f3a7233505399edb88de3cbd678da106337b9fcde432b65ed60/idna-3.11.tar.gz", hash = "sha256:795dafcc9c04ed0c1fb032c2aa73654d8e8c5023a7df64a53f39190ada629902", size = 194582, upload-time = "2025-10-12T14:55:20.501Z" }
wheels = [
    { url = "https://files.pythonhosted.org/packages/0e/61/66938bbb5fc52dbdf84594873d5b51fb1f7c7794e9c0f5bd885f30bc507b/idna-3.11-py3-none-any.whl", hash = "sha256:771a87f49d9defaf64091e6e6fe9c18d4833f140bd19464795bc32d966ca37ea", size = 71008, upload-time = "2025-10-12T14:55:18.883Z" },
]

[[package]]
name = "lxml"
version = "6.0.2"
source = { registry = "https://pypi.org/simple" }
sdist = { url = "https://files.pythonhosted.org/packages/aa/88/262177de60548e5a2bfc46ad28232c9e9cbde697bd94132aeb80364675cb/lxml-6.0.2.tar.gz", hash = "sha256:cd79f3367bd74b317dda655dc8fcfa304d9eb6e4fb06b7168c5cf27f96e0cd62", size = 4073426, upload-time = "2025-09-22T04:04:59.287Z" }
wheels = [
    { url = "https://files.pythonhosted.org/packages/53/fd/4e8f0540608977aea078bf6d79f128e0e2c2bba8af1acf775c30baa70460/lxml-6.0.2-cp313-cp313-macosx_10_13_universal2.whl", hash = "sha256:9b33d21594afab46f37ae58dfadd06636f154923c4e8a4d754b0127554eb2e77", size = 8648494, upload-time = "2025-09-22T04:01:54.242Z" },
    { url = "https://files.pythonhosted.org/packages/5d/f4/2a94a3d3dfd6c6b433501b8d470a1960a20ecce93245cf2db1706adf6c19/lxml-6.0.2-cp313-cp313-macosx_10_13_x86_64.whl", hash = "sha256:6c8963287d7a4c5c9a432ff487c52e9c5618667179c18a204bdedb27310f022f", size = 4661146, upload-time = "2025-09-22T04:01:56.282Z" },
    { url = "https://files.pythonhosted.org/packages/25/2e/4efa677fa6b322013035d38016f6ae859d06cac67437ca7dc708a6af7028/lxml-6.0.2-cp313-cp313-manylinux2014_aarch64.manylinux_2_17_aarch64.whl", hash = "sha256:1941354d92699fb5ffe6ed7b32f9649e43c2feb4b97205f75866f7d21aa91452", size = 4946932, upload-time = "2025-09-22T04:01:58.989Z" },
    { url = "https://files.pythonhosted.org/packages/ce/0f/526e78a6d38d109fdbaa5049c62e1d32fdd70c75fb61c4eadf3045d3d124/lxml-6.0.2-cp313-cp313-manylinux2014_x86_64.manylinux_2_17_x86_64.whl", hash = "sha256:bb2f6ca0ae2d983ded09357b84af659c954722bbf04dea98030064996d156048", size = 5100060, upload-time = "2025-09-22T04:02:00.812Z" },
    { url = "https://files.pythonhosted.org/packages/81/76/99de58d81fa702cc0ea7edae4f4640416c2062813a00ff24bd70ac1d9c9b/lxml-6.0.2-cp313-cp313-manylinux_2_26_aarch64.manylinux_2_28_aarch64.whl", hash = "sha256:eb2a12d704f180a902d7fa778c6d71f36ceb7b0d317f34cdc76a5d05aa1dd1df", size = 5019000, upload-time = "2025-09-22T04:02:02.671Z" },
    { url = "https://files.pythonhosted.org/packages/b5/35/9e57d25482bc9a9882cb0037fdb9cc18f4b79d85df94fa9d2a89562f1d25/lxml-6.0.2-cp313-cp313-manylinux_2_26_i686.manylinux_2_28_i686.whl", hash = "sha256:6ec0e3f745021bfed19c456647f0298d60a24c9ff86d9d051f52b509663feeb1", size = 5348496, upload-time = "2025-09-22T04:02:04.904Z" },
    { url = "https://files.pythonhosted.org/packages/a6/8e/cb99bd0b83ccc3e8f0f528e9aa1f7a9965dfec08c617070c5db8d63a87ce/lxml-6.0.2-cp313-cp313-manylinux_2_26_ppc64le.manylinux_2_28_ppc64le.whl", hash = "sha256:846ae9a12d54e368933b9759052d6206a9e8b250291109c48e350c1f1f49d916", size = 5643779, upload-time = "2025-09-22T04:02:06.689Z" },
    { url = "https://files.pythonhosted.org/packages/d0/34/9e591954939276bb679b73773836c6684c22e56d05980e31d52a9a8deb18/lxml-6.0.2-cp313-cp313-manylinux_2_26_x86_64.manylinux_2_28_x86_64.whl", hash = "sha256:ef9266d2aa545d7374938fb5c484531ef5a2ec7f2d573e62f8ce722c735685fd", size = 5244072, upload-time = "2025-09-22T04:02:08.587Z" },
    { url = "https://files.pythonhosted.org/packages/8d/27/b29ff065f9aaca443ee377aff699714fcbffb371b4fce5ac4ca759e436d5/lxml-6.0.2-cp313-cp313-manylinux_2_31_armv7l.whl", hash = "sha256:4077b7c79f31755df33b795dc12119cb557a0106bfdab0d2c2d97bd3cf3dffa6", size = 4718675, upload-time = "2025-09-22T04:02:10.783Z" },
    { url = "https://files.pythonhosted.org/packages/2b/9f/f756f9c2cd27caa1a6ef8c32ae47aadea697f5c2c6d07b0dae133c244fbe/lxml-6.0.2-cp313-cp313-manylinux_2_38_riscv64.manylinux_2_39_riscv64.whl", hash = "sha256:a7c5d5e5f1081955358533be077166ee97ed2571d6a66bdba6ec2f609a715d1a", size = 5255171, upload-time = "2025-09-22T04:02:12.631Z" },
    { url = "https://files.pythonhosted.org/packages/61/46/bb85ea42d2cb1bd8395484fd72f38e3389611aa496ac7772da9205bbda0e/lxml-6.0.2-cp313-cp313-musllinux_1_2_aarch64.whl", hash = "sha256:8f8d0cbd0674ee89863a523e6994ac25fd5be9c8486acfc3e5ccea679bad2679", size = 5057175, upload-time = "2025-09-22T04:02:14.718Z" },
    { url = "https://files.pythonhosted.org/packages/95/0c/443fc476dcc8e41577f0af70458c50fe299a97bb6b7505bb1ae09aa7f9ac/lxml-6.0.2-cp313-cp313-musllinux_1_2_armv7l.whl", hash = "sha256:2cbcbf6d6e924c28f04a43f3b6f6e272312a090f269eff68a2982e13e5d57659", size = 4785688, upload-time = "2025-09-22T04:02:16.957Z" },
    { url = "https://files.pythonhosted.org/packages/48/78/6ef0b359d45bb9697bc5a626e1992fa5d27aa3f8004b137b2314793b50a0/lxml-6.0.2-cp313-cp313-musllinux_1_2_ppc64le.whl", hash = "sha256:dfb874cfa53340009af6bdd7e54ebc0d21012a60a4e65d927c2e477112e63484", size = 5660655, upload-time = "2025-09-22T04:02:18.815Z" },
    { url = "https://files.pythonhosted.org/packages/ff/ea/e1d33808f386bc1339d08c0dcada6e4712d4ed8e93fcad5f057070b7988a/lxml-6.0.2-cp313-cp313-musllinux_1_2_riscv64.whl", hash = "sha256:fb8dae0b6b8b7f9e96c26fdd8121522ce5de9bb5538010870bd538683d30e9a2", size = 5247695, upload-time = "2025-09-22T04:02:20.593Z" },
    { url = "https://files.pythonhosted.org/packages/4f/47/eba75dfd8183673725255247a603b4ad606f4ae657b60c6c145b381697da/lxml-6.0.2-cp313-cp313-musllinux_1_2_x86_64.whl", hash = "sha256:358d9adae670b63e95bc59747c72f4dc97c9ec58881d4627fe0120da0f90d314", size = 5269841, upload-time = "2025-09-22T04:02:22.489Z" },
    { url = "https://files.pythonhosted.org/packages/76/04/5c5e2b8577bc936e219becb2e98cdb1aca14a4921a12995b9d0c523502ae/lxml-6.0.2-cp313-cp313-win32.whl", hash = "sha256:e8cd2415f372e7e5a789d743d133ae474290a90b9023197fd78f32e2dc6873e2", size = 3610700, upload-time = "2025-09-22T04:02:24.465Z" },
    { url = "https://files.pythonhosted.org/packages/fe/0a/4643ccc6bb8b143e9f9640aa54e38255f9d3b45feb2cbe7ae2ca47e8782e/lxml-6.0.2-cp313-cp313-win_amd64.whl", hash = "sha256:b30d46379644fbfc3ab81f8f82ae4de55179414651f110a1514f0b1f8f6cb2d7", size = 4010347, upload-time = "2025-09-22T04:02:26.286Z" },
    { url = "https://files.pythonhosted.org/packages/31/ef/dcf1d29c3f530577f61e5fe2f1bd72929acf779953668a8a47a479ae6f26/lxml-6.0.2-cp313-cp313-win_arm64.whl", hash = "sha256:13dcecc9946dca97b11b7c40d29fba63b55ab4170d3c0cf8c0c164343b9bfdcf", size = 3671248, upload-time = "2025-09-22T04:02:27.918Z" },
]

[[package]]
name = "markdown"
version = "3.10"
source = { registry = "https://pypi.org/simple" }
sdist = { url = "https://files.pythonhosted.org/packages/7d/ab/7dd27d9d863b3376fcf23a5a13cb5d024aed1db46f963f1b5735ae43b3be/markdown-3.10.tar.gz", hash = "sha256:37062d4f2aa4b2b6b32aefb80faa300f82cc790cb949a35b8caede34f2b68c0e", size = 364931, upload-time = "2025-11-03T19:51:15.007Z" }
wheels = [
    { url = "https://files.pythonhosted.org/packages/70/81/54e3ce63502cd085a0c556652a4e1b919c45a446bd1e5300e10c44c8c521/markdown-3.10-py3-none-any.whl", hash = "sha256:b5b99d6951e2e4948d939255596523444c0e677c669700b1d17aa4a8a464cb7c", size = 107678, upload-time = "2025-11-03T19:51:13.887Z" },
]

[[package]]
name = "markdown-link-attr-modifier"
version = "0.2.1"
source = { registry = "https://pypi.org/simple" }
dependencies = [
    { name = "markdown" },
]
sdist = { url = "https://files.pythonhosted.org/packages/e0/30/d35aad054a27f119bff2408523d82c3f9a6d9936712c872f5b9fe817de5b/markdown_link_attr_modifier-0.2.1.tar.gz", hash = "sha256:18df49a9fe7b5c87dad50b75c2a2299ae40c65674f7b1263fb12455f5df7ac99", size = 18408, upload-time = "2023-04-13T16:00:12.798Z" }
wheels = [
    { url = "https://files.pythonhosted.org/packages/74/82/9262a67313847fdcc6252a007f032924fe0c0b6d6b9ef0d0b1fa58952c72/markdown_link_attr_modifier-0.2.1-py3-none-any.whl", hash = "sha256:6b4415319648cbe6dfb7a54ca12fa69e61a27c86a09d15f2a9a559ace0aa87c5", size = 17146, upload-time = "2023-04-13T16:00:06.559Z" },
]

[[package]]
name = "mdx-gh-links"
version = "0.4"
source = { registry = "https://pypi.org/simple" }
dependencies = [
    { name = "markdown" },
]
sdist = { url = "https://files.pythonhosted.org/packages/2f/ea/bf1f721a8dc0ff83b426480f040ac68dbe3d7898b096c1277a5a4e3da0ec/mdx_gh_links-0.4.tar.gz", hash = "sha256:41d5aac2ab201425aa0a19373c4095b79e5e015fdacfe83c398199fe55ca3686", size = 5783, upload-time = "2023-12-22T19:54:02.136Z" }
wheels = [
    { url = "https://files.pythonhosted.org/packages/c5/c7/ccfe05ade98ba7a63f05d1b05b7508d9af743cbd1f1681aa0c9900a8cd40/mdx_gh_links-0.4-py3-none-any.whl", hash = "sha256:9057bca1fa5280bf1fcbf354381e46c9261cc32c2d5c0407801f8a910be5f099", size = 7166, upload-time = "2023-12-22T19:54:00.384Z" },
]

[[package]]
name = "mdx-truly-sane-lists"
version = "1.3"
source = { registry = "https://pypi.org/simple" }
dependencies = [
    { name = "markdown" },
]
sdist = { url = "https://files.pythonhosted.org/packages/e6/27/16456314311abac2cedef4527679924e80ac4de19dd926699c1b261e0b9b/mdx_truly_sane_lists-1.3.tar.gz", hash = "sha256:b661022df7520a1e113af7c355c62216b384c867e4f59fb8ee7ad511e6e77f45", size = 5359, upload-time = "2022-07-19T13:42:45.153Z" }
wheels = [
    { url = "https://files.pythonhosted.org/packages/3a/9e/dcd1027f7fd193aed152e01c6651a197c36b858f2cd1425ad04cb31a34fc/mdx_truly_sane_lists-1.3-py3-none-any.whl", hash = "sha256:b9546a4c40ff8f1ab692f77cee4b6bfe8ddf9cccf23f0a24e71f3716fe290a37", size = 6071, upload-time = "2022-07-19T13:42:43.375Z" },
]

[[package]]
name = "nh3"
version = "0.2.19"
source = { registry = "https://pypi.org/simple" }
sdist = { url = "https://files.pythonhosted.org/packages/1d/32/3b8d8471d006333bac3175ad37402414d985ed3f8650a01a33e0e86b9824/nh3-0.2.19.tar.gz", hash = "sha256:790056b54c068ff8dceb443eaefb696b84beff58cca6c07afd754d17692a4804", size = 17327, upload-time = "2024-11-30T04:05:56.854Z" }
wheels = [
    { url = "https://files.pythonhosted.org/packages/e8/1d/cbd75a2313d96cd3903111667d3d07548fb45c8ecf5c315f37a8f6c202fa/nh3-0.2.19-cp313-cp313t-macosx_10_12_x86_64.macosx_11_0_arm64.macosx_10_12_universal2.whl", hash = "sha256:ec9c8bf86e397cb88c560361f60fdce478b5edb8b93f04ead419b72fbe937ea6", size = 1205181, upload-time = "2024-11-29T05:50:02.802Z" },
    { url = "https://files.pythonhosted.org/packages/f0/30/8e9ec472ce575fa6b98935920c91df637bf9342862bd943745441aec99eb/nh3-0.2.19-cp313-cp313t-manylinux_2_17_x86_64.manylinux2014_x86_64.whl", hash = "sha256:d0adf00e2b2026fa10a42537b60d161e516f206781c7515e4e97e09f72a8c5d0", size = 739174, upload-time = "2024-11-29T05:50:10.157Z" },
    { url = "https://files.pythonhosted.org/packages/5c/b5/d1f81c5ec5695464b69d8aa4529ecb5fd872cbfb29f879b4063bb9397da8/nh3-0.2.19-cp313-cp313t-manylinux_2_5_i686.manylinux1_i686.whl", hash = "sha256:3805161c4e12088bd74752ba69630e915bc30fe666034f47217a2f16b16efc37", size = 758660, upload-time = "2024-11-29T05:50:13.97Z" },
    { url = "https://files.pythonhosted.org/packages/a0/5e/295a3a069f3b9dc35527eedd7b212f31311ef1f66a0e5f5f0acad6db9456/nh3-0.2.19-cp313-cp313t-musllinux_1_2_aarch64.whl", hash = "sha256:e3dedd7858a21312f7675841529941035a2ac91057db13402c8fe907aa19205a", size = 924377, upload-time = "2024-11-29T05:50:15.716Z" },
    { url = "https://files.pythonhosted.org/packages/71/e2/0f189d5054f22cdfdb16d16a2a41282f411a4c03f8418be47e0480bd5bfd/nh3-0.2.19-cp313-cp313t-musllinux_1_2_armv7l.whl", hash = "sha256:0b6820fc64f2ff7ef3e7253a093c946a87865c877b3889149a6d21d322ed8dbd", size = 992124, upload-time = "2024-11-29T05:50:17.637Z" },
    { url = "https://files.pythonhosted.org/packages/0d/87/2907edd61a2172527c5322036aa95ce6c18432ff280fc5cf78fe0f934c65/nh3-0.2.19-cp313-cp313t-musllinux_1_2_i686.whl", hash = "sha256:833b3b5f1783ce95834a13030300cea00cbdfd64ea29260d01af9c4821da0aa9", size = 913939, upload-time = "2024-11-29T05:50:20.435Z" },
    { url = "https://files.pythonhosted.org/packages/c7/a2/e0d3ea0175f28032d7d2bab765250f4e94ef131a7b3293e3df4cb254a5b2/nh3-0.2.19-cp313-cp313t-musllinux_1_2_x86_64.whl", hash = "sha256:5d4f5e2189861b352b73acb803b5f4bb409c2f36275d22717e27d4e0c217ae55", size = 909051, upload-time = "2024-11-29T05:50:31.116Z" },
    { url = "https://files.pythonhosted.org/packages/5e/e1/f52cb1d54ba965b7d8bb1c884ca982be31d7f75ad9e7e5817f4af20002b3/nh3-0.2.19-cp313-cp313t-win32.whl", hash = "sha256:2b926f179eb4bce72b651bfdf76f8aa05d167b2b72bc2f3657fd319f40232adc", size = 540566, upload-time = "2024-11-29T05:50:38.437Z" },
    { url = "https://files.pythonhosted.org/packages/70/85/91a66edfab0adbf22468973d8abd4b93c951bbcbbe2121675ee468b912a2/nh3-0.2.19-cp313-cp313t-win_amd64.whl", hash = "sha256:ac536a4b5c073fdadd8f5f4889adabe1cbdae55305366fb870723c96ca7f49c3", size = 542368, upload-time = "2024-11-29T05:50:41.418Z" },
    { url = "https://files.pythonhosted.org/packages/32/9c/f8808cf6683d4852ba8862e25b98aa9116067ddec517938a1b6e8faadb43/nh3-0.2.19-cp38-abi3-macosx_10_12_x86_64.macosx_11_0_arm64.macosx_10_12_universal2.whl", hash = "sha256:c2e3f0d18cc101132fe10ab7ef5c4f41411297e639e23b64b5e888ccaad63f41", size = 1205140, upload-time = "2024-11-29T05:50:54.582Z" },
    { url = "https://files.pythonhosted.org/packages/04/0e/268401d9244a84935342d9f3ba5d22bd7d2fc10cfc7a8f59bde8f6721466/nh3-0.2.19-cp38-abi3-manylinux_2_17_aarch64.manylinux2014_aarch64.whl", hash = "sha256:11270b16c1b012677e3e2dd166c1aa273388776bf99a3e3677179db5097ee16a", size = 763571, upload-time = "2024-11-29T05:51:03.504Z" },
    { url = "https://files.pythonhosted.org/packages/6f/0d/8be706feb6637d6e5db0eed09fd3f4e1008aee3d5d7161c9973d7aae1d13/nh3-0.2.19-cp38-abi3-manylinux_2_17_armv7l.manylinux2014_armv7l.whl", hash = "sha256:fc483dd8d20f8f8c010783a25a84db3bebeadced92d24d34b40d687f8043ac69", size = 750319, upload-time = "2024-11-29T05:51:05.512Z" },
    { url = "https://files.pythonhosted.org/packages/a8/ce/1f5f9ba0194f6a882e4bda89ae831678e4b68aa3de91e11e2629a1e6a613/nh3-0.2.19-cp38-abi3-manylinux_2_17_ppc64.manylinux2014_ppc64.whl", hash = "sha256:d53a4577b6123ca1d7e8483fad3e13cb7eda28913d516bd0a648c1a473aa21a9", size = 857636, upload-time = "2024-11-29T05:51:06.872Z" },
    { url = "https://files.pythonhosted.org/packages/e9/5d/5661a66f2950879a81fde5fbb6beb650c5647776aaec1a676e6b3ff4b6e5/nh3-0.2.19-cp38-abi3-manylinux_2_17_ppc64le.manylinux2014_ppc64le.whl", hash = "sha256:fdb20740d24ab9f2a1341458a00a11205294e97e905de060eeab1ceca020c09c", size = 821081, upload-time = "2024-11-29T05:51:08.202Z" },
    { url = "https://files.pythonhosted.org/packages/22/f8/454828f6f21516bf0c8c578e8bc2ab4f045e6b6fe5179602fe4dc2479da6/nh3-0.2.19-cp38-abi3-manylinux_2_17_s390x.manylinux2014_s390x.whl", hash = "sha256:d8325d51e47cb5b11f649d55e626d56c76041ba508cd59e0cb1cf687cc7612f1", size = 894452, upload-time = "2024-11-29T05:51:19.841Z" },
    { url = "https://files.pythonhosted.org/packages/2e/5d/36f5b78cbc631cac1c993bdc4608a0fe3148214bdb6d2c1266e228a2686a/nh3-0.2.19-cp38-abi3-manylinux_2_17_x86_64.manylinux2014_x86_64.whl", hash = "sha256:b8eb7affc590e542fa7981ef508cd1644f62176bcd10d4429890fc629b47f0bc", size = 748281, upload-time = "2024-11-29T05:51:29.021Z" },
    { url = "https://files.pythonhosted.org/packages/98/da/d04f5f0e7ee8edab8ceecdbba9f1c614dc8cf07374141ff6ea3b615b3479/nh3-0.2.19-cp38-abi3-manylinux_2_5_i686.manylinux1_i686.whl", hash = "sha256:2eb021804e9df1761abeb844bb86648d77aa118a663c82f50ea04110d87ed707", size = 767109, upload-time = "2024-11-29T05:51:31.222Z" },
    { url = "https://files.pythonhosted.org/packages/0e/5b/1232fb35c7d1182adb7d513fede644a81b5361259749781e6075c40a9125/nh3-0.2.19-cp38-abi3-musllinux_1_2_aarch64.whl", hash = "sha256:a7b928862daddb29805a1010a0282f77f4b8b238a37b5f76bc6c0d16d930fd22", size = 924295, upload-time = "2024-11-29T05:51:33.078Z" },
    { url = "https://files.pythonhosted.org/packages/3c/fd/ae622d08518fd31360fd87a515700bc09913f2e57e7f010063f2193ea610/nh3-0.2.19-cp38-abi3-musllinux_1_2_armv7l.whl", hash = "sha256:ed06ed78f6b69d57463b46a04f68f270605301e69d80756a8adf7519002de57d", size = 992038, upload-time = "2024-11-29T05:51:34.414Z" },
    { url = "https://files.pythonhosted.org/packages/56/78/226577c5e3fe379cb95265aa77736e191d859032c974169e6879c51c156f/nh3-0.2.19-cp38-abi3-musllinux_1_2_i686.whl", hash = "sha256:df8eac98fec80bd6f5fd0ae27a65de14f1e1a65a76d8e2237eb695f9cd1121d9", size = 913866, upload-time = "2024-11-29T05:51:35.727Z" },
    { url = "https://files.pythonhosted.org/packages/a8/ca/bbd2b2dab31ceae38cfa673861cab81df5ed5be1fe47b6c4f5aa41729aa2/nh3-0.2.19-cp38-abi3-musllinux_1_2_x86_64.whl", hash = "sha256:00810cd5275f5c3f44b9eb0e521d1a841ee2f8023622de39ffc7d88bd533d8e0", size = 908976, upload-time = "2024-11-29T05:51:43.698Z" },
    { url = "https://files.pythonhosted.org/packages/4c/8f/6452eb1184ad87cdd2cac7ee3ebd67a2aadb554d25572c1778efdf807e1e/nh3-0.2.19-cp38-abi3-win32.whl", hash = "sha256:7e98621856b0a911c21faa5eef8f8ea3e691526c2433f9afc2be713cb6fbdb48", size = 540528, upload-time = "2024-11-29T05:51:45.312Z" },
    { url = "https://files.pythonhosted.org/packages/58/d6/285df10307f16fcce9afbd133b04b4bc7d7f9b84b02f0f724bab30dacdd9/nh3-0.2.19-cp38-abi3-win_amd64.whl", hash = "sha256:75c7cafb840f24430b009f7368945cb5ca88b2b54bb384ebfba495f16bc9c121", size = 542316, upload-time = "2024-11-29T05:52:01.253Z" },
]

[[package]]
name = "requests"
version = "2.32.5"
source = { registry = "https://pypi.org/simple" }
dependencies = [
    { name = "certifi" },
    { name = "charset-normalizer" },
    { name = "idna" },
    { name = "urllib3" },
]
sdist = { url = "https://files.pythonhosted.org/packages/c9/74/b3ff8e6c8446842c3f5c837e9c3dfcfe2018ea6ecef224c710c85ef728f4/requests-2.32.5.tar.gz", hash = "sha256:dbba0bac56e100853db0ea71b82b4dfd5fe2bf6d3754a8893c3af500cec7d7cf", size = 134517, upload-time = "2025-08-18T20:46:02.573Z" }
wheels = [
    { url = "https://files.pythonhosted.org/packages/1e/db/4254e3eabe8020b458f1a747140d32277ec7a271daf1d235b70dc0b4e6e3/requests-2.32.5-py3-none-any.whl", hash = "sha256:2462f94637a34fd532264295e186976db0f5d453d1cdd31473c85a6a161affb6", size = 64738, upload-time = "2025-08-18T20:46:00.542Z" },
]

[[package]]
name = "scons"
version = "4.10.1"
source = { registry = "https://pypi.org/simple" }
sdist = { url = "https://files.pythonhosted.org/packages/7d/c9/2f430bb39e4eccba32ce8008df4a3206df651276422204e177a09e12b30b/scons-4.10.1.tar.gz", hash = "sha256:99c0e94a42a2c1182fa6859b0be697953db07ba936ecc9817ae0d218ced20b15", size = 3258403, upload-time = "2025-11-16T22:43:39.258Z" }
wheels = [
    { url = "https://files.pythonhosted.org/packages/ce/bf/931fb9fbb87234c32b8b1b1c15fba23472a10777c12043336675633809a7/scons-4.10.1-py3-none-any.whl", hash = "sha256:bd9d1c52f908d874eba92a8c0c0a8dcf2ed9f3b88ab956d0fce1da479c4e7126", size = 4136069, upload-time = "2025-11-16T22:43:35.933Z" },
]

[[package]]
name = "urllib3"
version = "2.5.0"
source = { registry = "https://pypi.org/simple" }
sdist = { url = "https://files.pythonhosted.org/packages/15/22/9ee70a2574a4f4599c47dd506532914ce044817c7752a79b6a51286319bc/urllib3-2.5.0.tar.gz", hash = "sha256:3fc47733c7e419d4bc3f6b3dc2b4f890bb743906a30d56ba4a5bfa4bbff92760", size = 393185, upload-time = "2025-06-18T14:07:41.644Z" }
wheels = [
    { url = "https://files.pythonhosted.org/packages/a7/c2/fe1e52489ae3122415c51f387e221dd0773709bad6c6cdaa599e8a2c5185/urllib3-2.5.0-py3-none-any.whl", hash = "sha256:e6b01673c0fa6a13e374b50871808eb3bf7046c4b125b216f6bf1cc604cff0dc", size = 129795, upload-time = "2025-06-18T14:07:40.39Z" },
]

[[package]]
name = "wrapt"
version = "2.0.1"
source = { registry = "https://pypi.org/simple" }
sdist = { url = "https://files.pythonhosted.org/packages/49/2a/6de8a50cb435b7f42c46126cf1a54b2aab81784e74c8595c8e025e8f36d3/wrapt-2.0.1.tar.gz", hash = "sha256:9c9c635e78497cacb81e84f8b11b23e0aacac7a136e73b8e5b2109a1d9fc468f", size = 82040, upload-time = "2025-11-07T00:45:33.312Z" }
wheels = [
    { url = "https://files.pythonhosted.org/packages/ad/fe/41af4c46b5e498c90fc87981ab2972fbd9f0bccda597adb99d3d3441b94b/wrapt-2.0.1-cp313-cp313-macosx_10_13_universal2.whl", hash = "sha256:47b0f8bafe90f7736151f61482c583c86b0693d80f075a58701dd1549b0010a9", size = 78132, upload-time = "2025-11-07T00:44:04.628Z" },
    { url = "https://files.pythonhosted.org/packages/1c/92/d68895a984a5ebbbfb175512b0c0aad872354a4a2484fbd5552e9f275316/wrapt-2.0.1-cp313-cp313-macosx_10_13_x86_64.whl", hash = "sha256:cbeb0971e13b4bd81d34169ed57a6dda017328d1a22b62fda45e1d21dd06148f", size = 61211, upload-time = "2025-11-07T00:44:05.626Z" },
    { url = "https://files.pythonhosted.org/packages/e8/26/ba83dc5ae7cf5aa2b02364a3d9cf74374b86169906a1f3ade9a2d03cf21c/wrapt-2.0.1-cp313-cp313-macosx_11_0_arm64.whl", hash = "sha256:eb7cffe572ad0a141a7886a1d2efa5bef0bf7fe021deeea76b3ab334d2c38218", size = 61689, upload-time = "2025-11-07T00:44:06.719Z" },
    { url = "https://files.pythonhosted.org/packages/cf/67/d7a7c276d874e5d26738c22444d466a3a64ed541f6ef35f740dbd865bab4/wrapt-2.0.1-cp313-cp313-manylinux1_x86_64.manylinux_2_28_x86_64.manylinux_2_5_x86_64.whl", hash = "sha256:c8d60527d1ecfc131426b10d93ab5d53e08a09c5fa0175f6b21b3252080c70a9", size = 121502, upload-time = "2025-11-07T00:44:09.557Z" },
    { url = "https://files.pythonhosted.org/packages/0f/6b/806dbf6dd9579556aab22fc92908a876636e250f063f71548a8660382184/wrapt-2.0.1-cp313-cp313-manylinux2014_aarch64.manylinux_2_17_aarch64.manylinux_2_28_aarch64.whl", hash = "sha256:c654eafb01afac55246053d67a4b9a984a3567c3808bb7df2f8de1c1caba2e1c", size = 123110, upload-time = "2025-11-07T00:44:10.64Z" },
    { url = "https://files.pythonhosted.org/packages/e5/08/cdbb965fbe4c02c5233d185d070cabed2ecc1f1e47662854f95d77613f57/wrapt-2.0.1-cp313-cp313-manylinux_2_31_riscv64.manylinux_2_39_riscv64.whl", hash = "sha256:98d873ed6c8b4ee2418f7afce666751854d6d03e3c0ec2a399bb039cd2ae89db", size = 117434, upload-time = "2025-11-07T00:44:08.138Z" },
    { url = "https://files.pythonhosted.org/packages/2d/d1/6aae2ce39db4cb5216302fa2e9577ad74424dfbe315bd6669725569e048c/wrapt-2.0.1-cp313-cp313-musllinux_1_2_aarch64.whl", hash = "sha256:c9e850f5b7fc67af856ff054c71690d54fa940c3ef74209ad9f935b4f66a0233", size = 121533, upload-time = "2025-11-07T00:44:12.142Z" },
    { url = "https://files.pythonhosted.org/packages/79/35/565abf57559fbe0a9155c29879ff43ce8bd28d2ca61033a3a3dd67b70794/wrapt-2.0.1-cp313-cp313-musllinux_1_2_riscv64.whl", hash = "sha256:e505629359cb5f751e16e30cf3f91a1d3ddb4552480c205947da415d597f7ac2", size = 116324, upload-time = "2025-11-07T00:44:13.28Z" },
    { url = "https://files.pythonhosted.org/packages/e1/e0/53ff5e76587822ee33e560ad55876d858e384158272cd9947abdd4ad42ca/wrapt-2.0.1-cp313-cp313-musllinux_1_2_x86_64.whl", hash = "sha256:2879af909312d0baf35f08edeea918ee3af7ab57c37fe47cb6a373c9f2749c7b", size = 120627, upload-time = "2025-11-07T00:44:14.431Z" },
    { url = "https://files.pythonhosted.org/packages/7c/7b/38df30fd629fbd7612c407643c63e80e1c60bcc982e30ceeae163a9800e7/wrapt-2.0.1-cp313-cp313-win32.whl", hash = "sha256:d67956c676be5a24102c7407a71f4126d30de2a569a1c7871c9f3cabc94225d7", size = 58252, upload-time = "2025-11-07T00:44:17.814Z" },
    { url = "https://files.pythonhosted.org/packages/85/64/d3954e836ea67c4d3ad5285e5c8fd9d362fd0a189a2db622df457b0f4f6a/wrapt-2.0.1-cp313-cp313-win_amd64.whl", hash = "sha256:9ca66b38dd642bf90c59b6738af8070747b610115a39af2498535f62b5cdc1c3", size = 60500, upload-time = "2025-11-07T00:44:15.561Z" },
    { url = "https://files.pythonhosted.org/packages/89/4e/3c8b99ac93527cfab7f116089db120fef16aac96e5f6cdb724ddf286086d/wrapt-2.0.1-cp313-cp313-win_arm64.whl", hash = "sha256:5a4939eae35db6b6cec8e7aa0e833dcca0acad8231672c26c2a9ab7a0f8ac9c8", size = 58993, upload-time = "2025-11-07T00:44:16.65Z" },
    { url = "https://files.pythonhosted.org/packages/f9/f4/eff2b7d711cae20d220780b9300faa05558660afb93f2ff5db61fe725b9a/wrapt-2.0.1-cp313-cp313t-macosx_10_13_universal2.whl", hash = "sha256:a52f93d95c8d38fed0669da2ebdb0b0376e895d84596a976c15a9eb45e3eccb3", size = 82028, upload-time = "2025-11-07T00:44:18.944Z" },
    { url = "https://files.pythonhosted.org/packages/0c/67/cb945563f66fd0f61a999339460d950f4735c69f18f0a87ca586319b1778/wrapt-2.0.1-cp313-cp313t-macosx_10_13_x86_64.whl", hash = "sha256:4e54bbf554ee29fcceee24fa41c4d091398b911da6e7f5d7bffda963c9aed2e1", size = 62949, upload-time = "2025-11-07T00:44:20.074Z" },
    { url = "https://files.pythonhosted.org/packages/ec/ca/f63e177f0bbe1e5cf5e8d9b74a286537cd709724384ff20860f8f6065904/wrapt-2.0.1-cp313-cp313t-macosx_11_0_arm64.whl", hash = "sha256:908f8c6c71557f4deaa280f55d0728c3bca0960e8c3dd5ceeeafb3c19942719d", size = 63681, upload-time = "2025-11-07T00:44:21.345Z" },
    { url = "https://files.pythonhosted.org/packages/39/a1/1b88fcd21fd835dca48b556daef750952e917a2794fa20c025489e2e1f0f/wrapt-2.0.1-cp313-cp313t-manylinux1_x86_64.manylinux_2_28_x86_64.manylinux_2_5_x86_64.whl", hash = "sha256:e2f84e9af2060e3904a32cea9bb6db23ce3f91cfd90c6b426757cf7cc01c45c7", size = 152696, upload-time = "2025-11-07T00:44:24.318Z" },
    { url = "https://files.pythonhosted.org/packages/62/1c/d9185500c1960d9f5f77b9c0b890b7fc62282b53af7ad1b6bd779157f714/wrapt-2.0.1-cp313-cp313t-manylinux2014_aarch64.manylinux_2_17_aarch64.manylinux_2_28_aarch64.whl", hash = "sha256:e3612dc06b436968dfb9142c62e5dfa9eb5924f91120b3c8ff501ad878f90eb3", size = 158859, upload-time = "2025-11-07T00:44:25.494Z" },
    { url = "https://files.pythonhosted.org/packages/91/60/5d796ed0f481ec003220c7878a1d6894652efe089853a208ea0838c13086/wrapt-2.0.1-cp313-cp313t-manylinux_2_31_riscv64.manylinux_2_39_riscv64.whl", hash = "sha256:6d2d947d266d99a1477cd005b23cbd09465276e302515e122df56bb9511aca1b", size = 146068, upload-time = "2025-11-07T00:44:22.81Z" },
    { url = "https://files.pythonhosted.org/packages/04/f8/75282dd72f102ddbfba137e1e15ecba47b40acff32c08ae97edbf53f469e/wrapt-2.0.1-cp313-cp313t-musllinux_1_2_aarch64.whl", hash = "sha256:7d539241e87b650cbc4c3ac9f32c8d1ac8a54e510f6dca3f6ab60dcfd48c9b10", size = 155724, upload-time = "2025-11-07T00:44:26.634Z" },
    { url = "https://files.pythonhosted.org/packages/5a/27/fe39c51d1b344caebb4a6a9372157bdb8d25b194b3561b52c8ffc40ac7d1/wrapt-2.0.1-cp313-cp313t-musllinux_1_2_riscv64.whl", hash = "sha256:4811e15d88ee62dbf5c77f2c3ff3932b1e3ac92323ba3912f51fc4016ce81ecf", size = 144413, upload-time = "2025-11-07T00:44:27.939Z" },
    { url = "https://files.pythonhosted.org/packages/83/2b/9f6b643fe39d4505c7bf926d7c2595b7cb4b607c8c6b500e56c6b36ac238/wrapt-2.0.1-cp313-cp313t-musllinux_1_2_x86_64.whl", hash = "sha256:c1c91405fcf1d501fa5d55df21e58ea49e6b879ae829f1039faaf7e5e509b41e", size = 150325, upload-time = "2025-11-07T00:44:29.29Z" },
    { url = "https://files.pythonhosted.org/packages/bb/b6/20ffcf2558596a7f58a2e69c89597128781f0b88e124bf5a4cadc05b8139/wrapt-2.0.1-cp313-cp313t-win32.whl", hash = "sha256:e76e3f91f864e89db8b8d2a8311d57df93f01ad6bb1e9b9976d1f2e83e18315c", size = 59943, upload-time = "2025-11-07T00:44:33.211Z" },
    { url = "https://files.pythonhosted.org/packages/87/6a/0e56111cbb3320151eed5d3821ee1373be13e05b376ea0870711f18810c3/wrapt-2.0.1-cp313-cp313t-win_amd64.whl", hash = "sha256:83ce30937f0ba0d28818807b303a412440c4b63e39d3d8fc036a94764b728c92", size = 63240, upload-time = "2025-11-07T00:44:30.935Z" },
    { url = "https://files.pythonhosted.org/packages/1d/54/5ab4c53ea1f7f7e5c3e7c1095db92932cc32fd62359d285486d00c2884c3/wrapt-2.0.1-cp313-cp313t-win_arm64.whl", hash = "sha256:4b55cacc57e1dc2d0991dbe74c6419ffd415fb66474a02335cb10efd1aa3f84f", size = 60416, upload-time = "2025-11-07T00:44:32.002Z" },
    { url = "https://files.pythonhosted.org/packages/15/d1/b51471c11592ff9c012bd3e2f7334a6ff2f42a7aed2caffcf0bdddc9cb89/wrapt-2.0.1-py3-none-any.whl", hash = "sha256:4d2ce1bf1a48c5277d7969259232b57645aae5686dba1eaeade39442277afbca", size = 44046, upload-time = "2025-11-07T00:45:32.116Z" },
]
